{
  "pins" : [
    {
      "identity" : "clmdb",
      "kind" : "remoteSourceControl",
      "location" : "https://github.com/tannerdsilva/CLMDB.git",
      "state" : {
        "revision" : "4ce5826424f8e65f395efc5b4c611479384722b1",
        "version" : "0.9.30"
      }
    },
    {
      "identity" : "rawdog",
      "kind" : "remoteSourceControl",
      "location" : "https://github.com/tannerdsilva/rawdog.git",
      "state" : {
        "revision" : "ac5073a88cf1b8abbbb22107db04449ae4fa8eb6",
        "version" : "13.0.3"
      }
    },
    {
      "identity" : "swift-log",
      "kind" : "remoteSourceControl",
      "location" : "https://github.com/apple/swift-log.git",
      "state" : {
        "revision" : "9cb486020ebf03bfa5b5df985387a14a98744537",
        "version" : "1.6.1"
      }
    },
    {
      "identity" : "swift-syntax",
      "kind" : "remoteSourceControl",
      "location" : "https://github.com/apple/swift-syntax.git",
      "state" : {
        "revision" : "64889f0c732f210a935a0ad7cda38f77f876262d",
        "version" : "509.1.1"
      }
    },
    {
      "identity" : "swift-system",
      "kind" : "remoteSourceControl",
      "location" : "https://github.com/apple/swift-system.git",
      "state" : {
        "revision" : "c8a44d836fe7913603e246acab7c528c2e780168",
        "version" : "1.4.0"
      }
    }
  ],
  "version" : 2
}
