{
  "originHash" : "3dce996d0c208dec423bead3edca52966b68edfb33370e853760653d713653f9",
  "pins" : [
    {
      "identity" : "clmdb",
      "kind" : "remoteSourceControl",
      "location" : "https://github.com/tannerdsilva/CLMDB.git",
      "state" : {
        "revision" : "4ce5826424f8e65f395efc5b4c611479384722b1",
        "version" : "0.9.30"
      }
    },
    {
      "identity" : "rawdog",
      "kind" : "remoteSourceControl",
      "location" : "https://github.com/tannerdsilva/rawdog.git",
      "state" : {
        "revision" : "61306554e99d520b372382fadd90ada764b112d5",
        "version" : "14.0.0"
      }
    },
    {
      "identity" : "swift-log",
      "kind" : "remoteSourceControl",
      "location" : "https://github.com/apple/swift-log.git",
      "state" : {
        "revision" : "96a2f8a0fa41e9e09af4585e2724c4e825410b91",
        "version" : "1.6.2"
      }
    },
    {
      "identity" : "swift-syntax",
      "kind" : "remoteSourceControl",
      "location" : "https://github.com/apple/swift-syntax.git",
      "state" : {
        "revision" : "0687f71944021d616d34d922343dcef086855920",
        "version" : "600.0.1"
      }
    },
    {
      "identity" : "swift-system",
      "kind" : "remoteSourceControl",
      "location" : "https://github.com/apple/swift-system.git",
      "state" : {
        "revision" : "c8a44d836fe7913603e246acab7c528c2e780168",
        "version" : "1.4.0"
      }
    }
  ],
  "version" : 3
}
